
Microsoft Visual Studio Solution File, Format Version 10.00
# Visual Studio 2008
Project("{8BC9CEB8-8B4A-11D0-8D11-00A0C91BC942}") = "VJ", "VJ\VJ.vcproj", "{C99FCCA2-6A63-4321-A7A9-F490536C5B4F}"
	ProjectSection(ProjectDependencies) = postProject
		{B7954519-A5F8-4126-BDB0-D214E66924DD} = {B7954519-A5F8-4126-BDB0-D214E66924DD}
		{14A8AD28-EAEE-4857-A263-52A76011F555} = {14A8AD28-EAEE-4857-A263-52A76011F555}
		{E01A562C-842D-4B1F-948A-80962D9BA875} = {E01A562C-842D-4B1F-948A-80962D9BA875}
		{F305815B-2F01-4E96-BE33-19D7EBD37792} = {F305815B-2F01-4E96-BE33-19D7EBD37792}
		{BE245470-848E-4168-8A1D-4AA486D6168B} = {BE245470-848E-4168-8A1D-4AA486D6168B}
		{E9312C94-2014-4178-A968-0BD101943899} = {E9312C94-2014-4178-A968-0BD101943899}
		{F7B8E89C-6FEF-413B-A571-B4DDB2F51A9B} = {F7B8E89C-6FEF-413B-A571-B4DDB2F51A9B}
		{9ADAF4BF-23D8-41C4-9B0D-D34E42FC09E5} = {9ADAF4BF-23D8-41C4-9B0D-D34E42FC09E5}
		{9E1494CE-B37B-418D-89F9-4E98DBE4868F} = {9E1494CE-B37B-418D-89F9-4E98DBE4868F}
		{56725CCF-8D14-4E1B-B455-E7BA6C80ABA9} = {56725CCF-8D14-4E1B-B455-E7BA6C80ABA9}
	EndProjectSection
EndProject
Project("{8BC9CEB8-8B4A-11D0-8D11-00A0C91BC942}") = "DatosE", "DatosE\DatosE.vcproj", "{B7954519-A5F8-4126-BDB0-D214E66924DD}"
	ProjectSection(ProjectDependencies) = postProject
		{F305815B-2F01-4E96-BE33-19D7EBD37792} = {F305815B-2F01-4E96-BE33-19D7EBD37792}
	EndProjectSection
EndProject
Project("{8BC9CEB8-8B4A-11D0-8D11-00A0C91BC942}") = "DatosL", "DatosL\DatosL.vcproj", "{F7B8E89C-6FEF-413B-A571-B4DDB2F51A9B}"
	ProjectSection(ProjectDependencies) = postProject
		{F305815B-2F01-4E96-BE33-19D7EBD37792} = {F305815B-2F01-4E96-BE33-19D7EBD37792}
	EndProjectSection
EndProject
Project("{8BC9CEB8-8B4A-11D0-8D11-00A0C91BC942}") = "DatosR", "DatosR\DatosR.vcproj", "{F305815B-2F01-4E96-BE33-19D7EBD37792}"
	ProjectSection(ProjectDependencies) = postProject
		{0C272A51-7CB1-4955-A5BA-799DD653EDCF} = {0C272A51-7CB1-4955-A5BA-799DD653EDCF}
	EndProjectSection
EndProject
Project("{8BC9CEB8-8B4A-11D0-8D11-00A0C91BC942}") = "Eventos", "Eventos\Eventos.vcproj", "{E9312C94-2014-4178-A968-0BD101943899}"
	ProjectSection(ProjectDependencies) = postProject
		{B7954519-A5F8-4126-BDB0-D214E66924DD} = {B7954519-A5F8-4126-BDB0-D214E66924DD}
		{F305815B-2F01-4E96-BE33-19D7EBD37792} = {F305815B-2F01-4E96-BE33-19D7EBD37792}
		{9ADAF4BF-23D8-41C4-9B0D-D34E42FC09E5} = {9ADAF4BF-23D8-41C4-9B0D-D34E42FC09E5}
	EndProjectSection
EndProject
Project("{8BC9CEB8-8B4A-11D0-8D11-00A0C91BC942}") = "Logica", "Logica\Logica.vcproj", "{9E1494CE-B37B-418D-89F9-4E98DBE4868F}"
	ProjectSection(ProjectDependencies) = postProject
		{F305815B-2F01-4E96-BE33-19D7EBD37792} = {F305815B-2F01-4E96-BE33-19D7EBD37792}
		{F7B8E89C-6FEF-413B-A571-B4DDB2F51A9B} = {F7B8E89C-6FEF-413B-A571-B4DDB2F51A9B}
		{9ADAF4BF-23D8-41C4-9B0D-D34E42FC09E5} = {9ADAF4BF-23D8-41C4-9B0D-D34E42FC09E5}
	EndProjectSection
EndProject
Project("{8BC9CEB8-8B4A-11D0-8D11-00A0C91BC942}") = "Render", "Render\Render.vcproj", "{9ADAF4BF-23D8-41C4-9B0D-D34E42FC09E5}"
	ProjectSection(ProjectDependencies) = postProject
		{F305815B-2F01-4E96-BE33-19D7EBD37792} = {F305815B-2F01-4E96-BE33-19D7EBD37792}
	EndProjectSection
EndProject
Project("{8BC9CEB8-8B4A-11D0-8D11-00A0C91BC942}") = "DatosS", "DatosS\DatosS.vcproj", "{56725CCF-8D14-4E1B-B455-E7BA6C80ABA9}"
	ProjectSection(ProjectDependencies) = postProject
		{F305815B-2F01-4E96-BE33-19D7EBD37792} = {F305815B-2F01-4E96-BE33-19D7EBD37792}
	EndProjectSection
EndProject
Project("{8BC9CEB8-8B4A-11D0-8D11-00A0C91BC942}") = "Sonido", "Sonido\Sonido.vcproj", "{E01A562C-842D-4B1F-948A-80962D9BA875}"
	ProjectSection(ProjectDependencies) = postProject
		{56725CCF-8D14-4E1B-B455-E7BA6C80ABA9} = {56725CCF-8D14-4E1B-B455-E7BA6C80ABA9}
	EndProjectSection
EndProject
Project("{8BC9CEB8-8B4A-11D0-8D11-00A0C91BC942}") = "DatosI", "DatosI\DatosI.vcproj", "{BE245470-848E-4168-8A1D-4AA486D6168B}"
	ProjectSection(ProjectDependencies) = postProject
		{F305815B-2F01-4E96-BE33-19D7EBD37792} = {F305815B-2F01-4E96-BE33-19D7EBD37792}
	EndProjectSection
EndProject
Project("{8BC9CEB8-8B4A-11D0-8D11-00A0C91BC942}") = "eNetProject", "eNetProject\eNetProject.vcproj", "{0C272A51-7CB1-4955-A5BA-799DD653EDCF}"
EndProject
Project("{8BC9CEB8-8B4A-11D0-8D11-00A0C91BC942}") = "Internet", "Internet\Internet.vcproj", "{14A8AD28-EAEE-4857-A263-52A76011F555}"
	ProjectSection(ProjectDependencies) = postProject
		{BE245470-848E-4168-8A1D-4AA486D6168B} = {BE245470-848E-4168-8A1D-4AA486D6168B}
	EndProjectSection
EndProject
Global
	GlobalSection(SolutionConfigurationPlatforms) = preSolution
		Debug|Win32 = Debug|Win32
		Release|Win32 = Release|Win32
	EndGlobalSection
	GlobalSection(ProjectConfigurationPlatforms) = postSolution
		{C99FCCA2-6A63-4321-A7A9-F490536C5B4F}.Debug|Win32.ActiveCfg = Debug|Win32
		{C99FCCA2-6A63-4321-A7A9-F490536C5B4F}.Debug|Win32.Build.0 = Debug|Win32
		{C99FCCA2-6A63-4321-A7A9-F490536C5B4F}.Release|Win32.ActiveCfg = Release|Win32
		{C99FCCA2-6A63-4321-A7A9-F490536C5B4F}.Release|Win32.Build.0 = Release|Win32
		{B7954519-A5F8-4126-BDB0-D214E66924DD}.Debug|Win32.ActiveCfg = Debug|Win32
		{B7954519-A5F8-4126-BDB0-D214E66924DD}.Debug|Win32.Build.0 = Debug|Win32
		{B7954519-A5F8-4126-BDB0-D214E66924DD}.Release|Win32.ActiveCfg = Release|Win32
		{B7954519-A5F8-4126-BDB0-D214E66924DD}.Release|Win32.Build.0 = Release|Win32
		{F7B8E89C-6FEF-413B-A571-B4DDB2F51A9B}.Debug|Win32.ActiveCfg = Debug|Win32
		{F7B8E89C-6FEF-413B-A571-B4DDB2F51A9B}.Debug|Win32.Build.0 = Debug|Win32
		{F7B8E89C-6FEF-413B-A571-B4DDB2F51A9B}.Release|Win32.ActiveCfg = Release|Win32
		{F7B8E89C-6FEF-413B-A571-B4DDB2F51A9B}.Release|Win32.Build.0 = Release|Win32
		{F305815B-2F01-4E96-BE33-19D7EBD37792}.Debug|Win32.ActiveCfg = Debug|Win32
		{F305815B-2F01-4E96-BE33-19D7EBD37792}.Debug|Win32.Build.0 = Debug|Win32
		{F305815B-2F01-4E96-BE33-19D7EBD37792}.Release|Win32.ActiveCfg = Release|Win32
		{F305815B-2F01-4E96-BE33-19D7EBD37792}.Release|Win32.Build.0 = Release|Win32
		{E9312C94-2014-4178-A968-0BD101943899}.Debug|Win32.ActiveCfg = Debug|Win32
		{E9312C94-2014-4178-A968-0BD101943899}.Debug|Win32.Build.0 = Debug|Win32
		{E9312C94-2014-4178-A968-0BD101943899}.Release|Win32.ActiveCfg = Release|Win32
		{E9312C94-2014-4178-A968-0BD101943899}.Release|Win32.Build.0 = Release|Win32
		{9E1494CE-B37B-418D-89F9-4E98DBE4868F}.Debug|Win32.ActiveCfg = Debug|Win32
		{9E1494CE-B37B-418D-89F9-4E98DBE4868F}.Debug|Win32.Build.0 = Debug|Win32
		{9E1494CE-B37B-418D-89F9-4E98DBE4868F}.Release|Win32.ActiveCfg = Release|Win32
		{9E1494CE-B37B-418D-89F9-4E98DBE4868F}.Release|Win32.Build.0 = Release|Win32
		{9ADAF4BF-23D8-41C4-9B0D-D34E42FC09E5}.Debug|Win32.ActiveCfg = Debug|Win32
		{9ADAF4BF-23D8-41C4-9B0D-D34E42FC09E5}.Debug|Win32.Build.0 = Debug|Win32
		{9ADAF4BF-23D8-41C4-9B0D-D34E42FC09E5}.Release|Win32.ActiveCfg = Release|Win32
		{9ADAF4BF-23D8-41C4-9B0D-D34E42FC09E5}.Release|Win32.Build.0 = Release|Win32
		{56725CCF-8D14-4E1B-B455-E7BA6C80ABA9}.Debug|Win32.ActiveCfg = Debug|Win32
		{56725CCF-8D14-4E1B-B455-E7BA6C80ABA9}.Debug|Win32.Build.0 = Debug|Win32
		{56725CCF-8D14-4E1B-B455-E7BA6C80ABA9}.Release|Win32.ActiveCfg = Release|Win32
		{56725CCF-8D14-4E1B-B455-E7BA6C80ABA9}.Release|Win32.Build.0 = Release|Win32
		{E01A562C-842D-4B1F-948A-80962D9BA875}.Debug|Win32.ActiveCfg = Debug|Win32
		{E01A562C-842D-4B1F-948A-80962D9BA875}.Debug|Win32.Build.0 = Debug|Win32
		{E01A562C-842D-4B1F-948A-80962D9BA875}.Release|Win32.ActiveCfg = Release|Win32
		{E01A562C-842D-4B1F-948A-80962D9BA875}.Release|Win32.Build.0 = Release|Win32
		{BE245470-848E-4168-8A1D-4AA486D6168B}.Debug|Win32.ActiveCfg = Debug|Win32
		{BE245470-848E-4168-8A1D-4AA486D6168B}.Debug|Win32.Build.0 = Debug|Win32
		{BE245470-848E-4168-8A1D-4AA486D6168B}.Release|Win32.ActiveCfg = Release|Win32
		{BE245470-848E-4168-8A1D-4AA486D6168B}.Release|Win32.Build.0 = Release|Win32
		{0C272A51-7CB1-4955-A5BA-799DD653EDCF}.Debug|Win32.ActiveCfg = Debug|Win32
		{0C272A51-7CB1-4955-A5BA-799DD653EDCF}.Debug|Win32.Build.0 = Debug|Win32
		{0C272A51-7CB1-4955-A5BA-799DD653EDCF}.Release|Win32.ActiveCfg = Release|Win32
		{0C272A51-7CB1-4955-A5BA-799DD653EDCF}.Release|Win32.Build.0 = Release|Win32
		{14A8AD28-EAEE-4857-A263-52A76011F555}.Debug|Win32.ActiveCfg = Debug|Win32
		{14A8AD28-EAEE-4857-A263-52A76011F555}.Debug|Win32.Build.0 = Debug|Win32
		{14A8AD28-EAEE-4857-A263-52A76011F555}.Release|Win32.ActiveCfg = Release|Win32
		{14A8AD28-EAEE-4857-A263-52A76011F555}.Release|Win32.Build.0 = Release|Win32
	EndGlobalSection
	GlobalSection(SolutionProperties) = preSolution
		HideSolutionNode = FALSE
	EndGlobalSection
EndGlobal
